
Microsoft Visual Studio Solution File, Format Version 12.00
# Visual Studio 15
Project("{FAE04EC0-301F-11D3-BF4B-00C04F79EFBC}") = "NavMeshComponents", "NavMeshComponents.csproj", "{403A03EC-2FF1-798B-C866-569EDBC39AD4}"
EndProject
Project("{FAE04EC0-301F-11D3-BF4B-00C04F79EFBC}") = "Assembly-CSharp", "Assembly-CSharp.csproj", "{C9D54D92-DB17-0D0B-4A35-010CF0B52EBA}"
EndProject
Project("{FAE04EC0-301F-11D3-BF4B-00C04F79EFBC}") = "NavMeshComponentsEditor", "NavMeshComponentsEditor.csproj", "{61A3372A-DA5B-622B-D33C-14F9977AADA4}"
EndProject
Global
	GlobalSection(SolutionConfigurationPlatforms) = preSolution
		Debug|Any CPU = Debug|Any CPU
		Release|Any CPU = Release|Any CPU
	EndGlobalSection
	GlobalSection(ProjectConfigurationPlatforms) = postSolution
		{403A03EC-2FF1-798B-C866-569EDBC39AD4}.Debug|Any CPU.ActiveCfg = Debug|Any CPU
		{403A03EC-2FF1-798B-C866-569EDBC39AD4}.Debug|Any CPU.Build.0 = Debug|Any CPU
		{403A03EC-2FF1-798B-C866-569EDBC39AD4}.Release|Any CPU.ActiveCfg = Release|Any CPU
		{403A03EC-2FF1-798B-C866-569EDBC39AD4}.Release|Any CPU.Build.0 = Release|Any CPU
		{C9D54D92-DB17-0D0B-4A35-010CF0B52EBA}.Debug|Any CPU.ActiveCfg = Debug|Any CPU
		{C9D54D92-DB17-0D0B-4A35-010CF0B52EBA}.Debug|Any CPU.Build.0 = Debug|Any CPU
		{C9D54D92-DB17-0D0B-4A35-010CF0B52EBA}.Release|Any CPU.ActiveCfg = Release|Any CPU
		{C9D54D92-DB17-0D0B-4A35-010CF0B52EBA}.Release|Any CPU.Build.0 = Release|Any CPU
		{61A3372A-DA5B-622B-D33C-14F9977AADA4}.Debug|Any CPU.ActiveCfg = Debug|Any CPU
		{61A3372A-DA5B-622B-D33C-14F9977AADA4}.Debug|Any CPU.Build.0 = Debug|Any CPU
		{61A3372A-DA5B-622B-D33C-14F9977AADA4}.Release|Any CPU.ActiveCfg = Release|Any CPU
		{61A3372A-DA5B-622B-D33C-14F9977AADA4}.Release|Any CPU.Build.0 = Release|Any CPU
	EndGlobalSection
	GlobalSection(SolutionProperties) = preSolution
		HideSolutionNode = FALSE
	EndGlobalSection
EndGlobal
